
Microsoft Visual Studio Solution File, Format Version 12.00
# Visual Studio 15
VisualStudioVersion = 15.0.28307.902
MinimumVisualStudioVersion = 10.0.40219.1
Project("{FAE04EC0-301F-11D3-BF4B-00C04F79EFBC}") = "Products", "Product\Products.csproj", "{68EF3EBF-390C-4AC1-8D05-C5095988F31B}"
EndProject
Global
	GlobalSection(SolutionConfigurationPlatforms) = preSolution
		Debug|Any CPU = Debug|Any CPU
		Release|Any CPU = Release|Any CPU
	EndGlobalSection
	GlobalSection(ProjectConfigurationPlatforms) = postSolution
		{68EF3EBF-390C-4AC1-8D05-C5095988F31B}.Debug|Any CPU.ActiveCfg = Debug|Any CPU
		{68EF3EBF-390C-4AC1-8D05-C5095988F31B}.Debug|Any CPU.Build.0 = Debug|Any CPU
		{68EF3EBF-390C-4AC1-8D05-C5095988F31B}.Release|Any CPU.ActiveCfg = Release|Any CPU
		{68EF3EBF-390C-4AC1-8D05-C5095988F31B}.Release|Any CPU.Build.0 = Release|Any CPU
	EndGlobalSection
	GlobalSection(SolutionProperties) = preSolution
		HideSolutionNode = FALSE
	EndGlobalSection
	GlobalSection(ExtensibilityGlobals) = postSolution
		SolutionGuid = {E69C50AE-1A04-4F98-A5E0-94953C4FC584}
	EndGlobalSection
EndGlobal
